
Microsoft Visual Studio Solution File, Format Version 12.00
# Visual Studio Version 16
VisualStudioVersion = 16.0.31005.135
MinimumVisualStudioVersion = 10.0.40219.1
Project("{FAE04EC0-301F-11D3-BF4B-00C04F79EFBC}") = "EmployeeManagement", "EmployeeManagement\EmployeeManagement.csproj", "{8BF54959-5AA2-4996-A74B-01EB3C35D95A}"
EndProject
Global
	GlobalSection(SolutionConfigurationPlatforms) = preSolution
		Debug|Any CPU = Debug|Any CPU
		Release|Any CPU = Release|Any CPU
	EndGlobalSection
	GlobalSection(ProjectConfigurationPlatforms) = postSolution
		{8BF54959-5AA2-4996-A74B-01EB3C35D95A}.Debug|Any CPU.ActiveCfg = Debug|Any CPU
		{8BF54959-5AA2-4996-A74B-01EB3C35D95A}.Debug|Any CPU.Build.0 = Debug|Any CPU
		{8BF54959-5AA2-4996-A74B-01EB3C35D95A}.Release|Any CPU.ActiveCfg = Release|Any CPU
		{8BF54959-5AA2-4996-A74B-01EB3C35D95A}.Release|Any CPU.Build.0 = Release|Any CPU
	EndGlobalSection
	GlobalSection(SolutionProperties) = preSolution
		HideSolutionNode = FALSE
	EndGlobalSection
	GlobalSection(ExtensibilityGlobals) = postSolution
		SolutionGuid = {14C91903-1C4D-429A-AD05-BDB24DBB6979}
	EndGlobalSection
EndGlobal
